
Microsoft Visual Studio Solution File, Format Version 12.00
# Visual Studio Version 17
VisualStudioVersion = 17.0.31611.283
MinimumVisualStudioVersion = 10.0.40219.1
Project("{9A19103F-16F7-4668-BE54-9A1E7A4F7556}") = "09_Ejercicio1_MAUI", "09-BoletinEjercicios_MAUI\09_Ejercicio1_MAUI.csproj", "{442D943F-FA57-4827-B4F2-D7FD3D8026FC}"
EndProject
Project("{FAE04EC0-301F-11D3-BF4B-00C04F79EFBC}") = "09_Ejercicio2_MAUI", "09_Ejercicio2_MAUI\09_Ejercicio2_MAUI.csproj", "{70B4CFEA-F853-4C7E-863F-429032A2CD0F}"
EndProject
Project("{FAE04EC0-301F-11D3-BF4B-00C04F79EFBC}") = "09_Ejercicio3_MAUI", "09_Ejercicio3_MAUI\09_Ejercicio3_MAUI.csproj", "{96FD1952-B007-4B2E-B2BB-5EAE85B07219}"
EndProject
Project("{FAE04EC0-301F-11D3-BF4B-00C04F79EFBC}") = "Entidades", "Entidades\Entidades.csproj", "{DB15525B-F3B5-44A7-A233-7491B9125002}"
EndProject
Global
	GlobalSection(SolutionConfigurationPlatforms) = preSolution
		Debug|Any CPU = Debug|Any CPU
		Release|Any CPU = Release|Any CPU
	EndGlobalSection
	GlobalSection(ProjectConfigurationPlatforms) = postSolution
		{442D943F-FA57-4827-B4F2-D7FD3D8026FC}.Debug|Any CPU.ActiveCfg = Debug|Any CPU
		{442D943F-FA57-4827-B4F2-D7FD3D8026FC}.Debug|Any CPU.Build.0 = Debug|Any CPU
		{442D943F-FA57-4827-B4F2-D7FD3D8026FC}.Debug|Any CPU.Deploy.0 = Debug|Any CPU
		{442D943F-FA57-4827-B4F2-D7FD3D8026FC}.Release|Any CPU.ActiveCfg = Release|Any CPU
		{442D943F-FA57-4827-B4F2-D7FD3D8026FC}.Release|Any CPU.Build.0 = Release|Any CPU
		{442D943F-FA57-4827-B4F2-D7FD3D8026FC}.Release|Any CPU.Deploy.0 = Release|Any CPU
		{70B4CFEA-F853-4C7E-863F-429032A2CD0F}.Debug|Any CPU.ActiveCfg = Debug|Any CPU
		{70B4CFEA-F853-4C7E-863F-429032A2CD0F}.Debug|Any CPU.Build.0 = Debug|Any CPU
		{70B4CFEA-F853-4C7E-863F-429032A2CD0F}.Debug|Any CPU.Deploy.0 = Debug|Any CPU
		{70B4CFEA-F853-4C7E-863F-429032A2CD0F}.Release|Any CPU.ActiveCfg = Release|Any CPU
		{70B4CFEA-F853-4C7E-863F-429032A2CD0F}.Release|Any CPU.Build.0 = Release|Any CPU
		{70B4CFEA-F853-4C7E-863F-429032A2CD0F}.Release|Any CPU.Deploy.0 = Release|Any CPU
		{96FD1952-B007-4B2E-B2BB-5EAE85B07219}.Debug|Any CPU.ActiveCfg = Debug|Any CPU
		{96FD1952-B007-4B2E-B2BB-5EAE85B07219}.Debug|Any CPU.Build.0 = Debug|Any CPU
		{96FD1952-B007-4B2E-B2BB-5EAE85B07219}.Debug|Any CPU.Deploy.0 = Debug|Any CPU
		{96FD1952-B007-4B2E-B2BB-5EAE85B07219}.Release|Any CPU.ActiveCfg = Release|Any CPU
		{96FD1952-B007-4B2E-B2BB-5EAE85B07219}.Release|Any CPU.Build.0 = Release|Any CPU
		{96FD1952-B007-4B2E-B2BB-5EAE85B07219}.Release|Any CPU.Deploy.0 = Release|Any CPU
		{DB15525B-F3B5-44A7-A233-7491B9125002}.Debug|Any CPU.ActiveCfg = Debug|Any CPU
		{DB15525B-F3B5-44A7-A233-7491B9125002}.Debug|Any CPU.Build.0 = Debug|Any CPU
		{DB15525B-F3B5-44A7-A233-7491B9125002}.Release|Any CPU.ActiveCfg = Release|Any CPU
		{DB15525B-F3B5-44A7-A233-7491B9125002}.Release|Any CPU.Build.0 = Release|Any CPU
	EndGlobalSection
	GlobalSection(SolutionProperties) = preSolution
		HideSolutionNode = FALSE
	EndGlobalSection
	GlobalSection(ExtensibilityGlobals) = postSolution
		SolutionGuid = {61F7FB11-1E47-470C-91E2-47F8143E1572}
	EndGlobalSection
EndGlobal
