
Microsoft Visual Studio Solution File, Format Version 12.00
# Visual Studio Version 17
VisualStudioVersion = 17.0.31611.283
MinimumVisualStudioVersion = 10.0.40219.1
Project("{9A19103F-16F7-4668-BE54-9A1E7A4F7556}") = "Ejercicio5_MAUI", "Ejercicio5_MAUI\Ejercicio5_MAUI.csproj", "{4FE1DA85-B4FB-49BB-A0B9-C6C411E60B08}"
EndProject
Project("{FAE04EC0-301F-11D3-BF4B-00C04F79EFBC}") = "Entidades", "Entidades\Entidades.csproj", "{06BD187B-8BB9-46D8-A82B-F1AF3376FFE8}"
EndProject
Project("{FAE04EC0-301F-11D3-BF4B-00C04F79EFBC}") = "DAL", "DAL\DAL.csproj", "{369B157D-95A7-4077-887D-5651F5151303}"
EndProject
Global
	GlobalSection(SolutionConfigurationPlatforms) = preSolution
		Debug|Any CPU = Debug|Any CPU
		Release|Any CPU = Release|Any CPU
	EndGlobalSection
	GlobalSection(ProjectConfigurationPlatforms) = postSolution
		{4FE1DA85-B4FB-49BB-A0B9-C6C411E60B08}.Debug|Any CPU.ActiveCfg = Debug|Any CPU
		{4FE1DA85-B4FB-49BB-A0B9-C6C411E60B08}.Debug|Any CPU.Build.0 = Debug|Any CPU
		{4FE1DA85-B4FB-49BB-A0B9-C6C411E60B08}.Debug|Any CPU.Deploy.0 = Debug|Any CPU
		{4FE1DA85-B4FB-49BB-A0B9-C6C411E60B08}.Release|Any CPU.ActiveCfg = Release|Any CPU
		{4FE1DA85-B4FB-49BB-A0B9-C6C411E60B08}.Release|Any CPU.Build.0 = Release|Any CPU
		{4FE1DA85-B4FB-49BB-A0B9-C6C411E60B08}.Release|Any CPU.Deploy.0 = Release|Any CPU
		{06BD187B-8BB9-46D8-A82B-F1AF3376FFE8}.Debug|Any CPU.ActiveCfg = Debug|Any CPU
		{06BD187B-8BB9-46D8-A82B-F1AF3376FFE8}.Debug|Any CPU.Build.0 = Debug|Any CPU
		{06BD187B-8BB9-46D8-A82B-F1AF3376FFE8}.Release|Any CPU.ActiveCfg = Release|Any CPU
		{06BD187B-8BB9-46D8-A82B-F1AF3376FFE8}.Release|Any CPU.Build.0 = Release|Any CPU
		{369B157D-95A7-4077-887D-5651F5151303}.Debug|Any CPU.ActiveCfg = Debug|Any CPU
		{369B157D-95A7-4077-887D-5651F5151303}.Debug|Any CPU.Build.0 = Debug|Any CPU
		{369B157D-95A7-4077-887D-5651F5151303}.Release|Any CPU.ActiveCfg = Release|Any CPU
		{369B157D-95A7-4077-887D-5651F5151303}.Release|Any CPU.Build.0 = Release|Any CPU
	EndGlobalSection
	GlobalSection(SolutionProperties) = preSolution
		HideSolutionNode = FALSE
	EndGlobalSection
	GlobalSection(ExtensibilityGlobals) = postSolution
		SolutionGuid = {61F7FB11-1E47-470C-91E2-47F8143E1572}
	EndGlobalSection
EndGlobal
