
Microsoft Visual Studio Solution File, Format Version 12.00
# Visual Studio Version 17
VisualStudioVersion = 17.3.32825.248
MinimumVisualStudioVersion = 10.0.40219.1
Project("{778DAE3C-4631-46EA-AA77-85C1314464D9}") = "03-HelloWorld_WindowsForm", "03-HelloWorld_WindowsForm\03-HelloWorld_WindowsForm.vbproj", "{2F2464BB-30ED-4CF0-AA13-131BD1165F0A}"
EndProject
Project("{9A19103F-16F7-4668-BE54-9A1E7A4F7556}") = "03-HelloWorld_WPF", "03-HelloWorld_WPF\03-HelloWorld_WPF.csproj", "{E61DA573-1355-43DA-A098-8E82957BE318}"
EndProject
Project("{FAE04EC0-301F-11D3-BF4B-00C04F79EFBC}") = "03-HelloWorld_Universal", "03-HelloWorld_Universal\03-HelloWorld_Universal.csproj", "{6614519F-967D-43DF-927D-3FC58EBB4B2A}"
EndProject
Project("{9A19103F-16F7-4668-BE54-9A1E7A4F7556}") = "03-HelloWorld_EntidadesStandard", "03-HelloWorld_EntidadesStandard\03-HelloWorld_EntidadesStandard.csproj", "{DCE308DC-8A50-4961-9FF1-C52A81450EA2}"
EndProject
Project("{FAE04EC0-301F-11D3-BF4B-00C04F79EFBC}") = "03-HelloWorld_MAUI", "03-HelloWorld_MAUI\03-HelloWorld_MAUI.csproj", "{E9D29EDF-8ECF-411D-9D2D-EF4A0351D3CD}"
EndProject
Global
	GlobalSection(SolutionConfigurationPlatforms) = preSolution
		Debug|Any CPU = Debug|Any CPU
		Debug|ARM = Debug|ARM
		Debug|ARM64 = Debug|ARM64
		Debug|x64 = Debug|x64
		Debug|x86 = Debug|x86
		Release|Any CPU = Release|Any CPU
		Release|ARM = Release|ARM
		Release|ARM64 = Release|ARM64
		Release|x64 = Release|x64
		Release|x86 = Release|x86
	EndGlobalSection
	GlobalSection(ProjectConfigurationPlatforms) = postSolution
		{2F2464BB-30ED-4CF0-AA13-131BD1165F0A}.Debug|Any CPU.ActiveCfg = Debug|Any CPU
		{2F2464BB-30ED-4CF0-AA13-131BD1165F0A}.Debug|Any CPU.Build.0 = Debug|Any CPU
		{2F2464BB-30ED-4CF0-AA13-131BD1165F0A}.Debug|ARM.ActiveCfg = Debug|Any CPU
		{2F2464BB-30ED-4CF0-AA13-131BD1165F0A}.Debug|ARM.Build.0 = Debug|Any CPU
		{2F2464BB-30ED-4CF0-AA13-131BD1165F0A}.Debug|ARM64.ActiveCfg = Debug|Any CPU
		{2F2464BB-30ED-4CF0-AA13-131BD1165F0A}.Debug|ARM64.Build.0 = Debug|Any CPU
		{2F2464BB-30ED-4CF0-AA13-131BD1165F0A}.Debug|x64.ActiveCfg = Debug|Any CPU
		{2F2464BB-30ED-4CF0-AA13-131BD1165F0A}.Debug|x64.Build.0 = Debug|Any CPU
		{2F2464BB-30ED-4CF0-AA13-131BD1165F0A}.Debug|x86.ActiveCfg = Debug|Any CPU
		{2F2464BB-30ED-4CF0-AA13-131BD1165F0A}.Debug|x86.Build.0 = Debug|Any CPU
		{2F2464BB-30ED-4CF0-AA13-131BD1165F0A}.Release|Any CPU.ActiveCfg = Release|Any CPU
		{2F2464BB-30ED-4CF0-AA13-131BD1165F0A}.Release|Any CPU.Build.0 = Release|Any CPU
		{2F2464BB-30ED-4CF0-AA13-131BD1165F0A}.Release|ARM.ActiveCfg = Release|Any CPU
		{2F2464BB-30ED-4CF0-AA13-131BD1165F0A}.Release|ARM.Build.0 = Release|Any CPU
		{2F2464BB-30ED-4CF0-AA13-131BD1165F0A}.Release|ARM64.ActiveCfg = Release|Any CPU
		{2F2464BB-30ED-4CF0-AA13-131BD1165F0A}.Release|ARM64.Build.0 = Release|Any CPU
		{2F2464BB-30ED-4CF0-AA13-131BD1165F0A}.Release|x64.ActiveCfg = Release|Any CPU
		{2F2464BB-30ED-4CF0-AA13-131BD1165F0A}.Release|x64.Build.0 = Release|Any CPU
		{2F2464BB-30ED-4CF0-AA13-131BD1165F0A}.Release|x86.ActiveCfg = Release|Any CPU
		{2F2464BB-30ED-4CF0-AA13-131BD1165F0A}.Release|x86.Build.0 = Release|Any CPU
		{E61DA573-1355-43DA-A098-8E82957BE318}.Debug|Any CPU.ActiveCfg = Debug|Any CPU
		{E61DA573-1355-43DA-A098-8E82957BE318}.Debug|Any CPU.Build.0 = Debug|Any CPU
		{E61DA573-1355-43DA-A098-8E82957BE318}.Debug|ARM.ActiveCfg = Debug|Any CPU
		{E61DA573-1355-43DA-A098-8E82957BE318}.Debug|ARM.Build.0 = Debug|Any CPU
		{E61DA573-1355-43DA-A098-8E82957BE318}.Debug|ARM64.ActiveCfg = Debug|Any CPU
		{E61DA573-1355-43DA-A098-8E82957BE318}.Debug|ARM64.Build.0 = Debug|Any CPU
		{E61DA573-1355-43DA-A098-8E82957BE318}.Debug|x64.ActiveCfg = Debug|Any CPU
		{E61DA573-1355-43DA-A098-8E82957BE318}.Debug|x64.Build.0 = Debug|Any CPU
		{E61DA573-1355-43DA-A098-8E82957BE318}.Debug|x86.ActiveCfg = Debug|Any CPU
		{E61DA573-1355-43DA-A098-8E82957BE318}.Debug|x86.Build.0 = Debug|Any CPU
		{E61DA573-1355-43DA-A098-8E82957BE318}.Release|Any CPU.ActiveCfg = Release|Any CPU
		{E61DA573-1355-43DA-A098-8E82957BE318}.Release|Any CPU.Build.0 = Release|Any CPU
		{E61DA573-1355-43DA-A098-8E82957BE318}.Release|ARM.ActiveCfg = Release|Any CPU
		{E61DA573-1355-43DA-A098-8E82957BE318}.Release|ARM.Build.0 = Release|Any CPU
		{E61DA573-1355-43DA-A098-8E82957BE318}.Release|ARM64.ActiveCfg = Release|Any CPU
		{E61DA573-1355-43DA-A098-8E82957BE318}.Release|ARM64.Build.0 = Release|Any CPU
		{E61DA573-1355-43DA-A098-8E82957BE318}.Release|x64.ActiveCfg = Release|Any CPU
		{E61DA573-1355-43DA-A098-8E82957BE318}.Release|x64.Build.0 = Release|Any CPU
		{E61DA573-1355-43DA-A098-8E82957BE318}.Release|x86.ActiveCfg = Release|Any CPU
		{E61DA573-1355-43DA-A098-8E82957BE318}.Release|x86.Build.0 = Release|Any CPU
		{6614519F-967D-43DF-927D-3FC58EBB4B2A}.Debug|Any CPU.ActiveCfg = Debug|x64
		{6614519F-967D-43DF-927D-3FC58EBB4B2A}.Debug|Any CPU.Build.0 = Debug|x64
		{6614519F-967D-43DF-927D-3FC58EBB4B2A}.Debug|Any CPU.Deploy.0 = Debug|x64
		{6614519F-967D-43DF-927D-3FC58EBB4B2A}.Debug|ARM.ActiveCfg = Debug|ARM
		{6614519F-967D-43DF-927D-3FC58EBB4B2A}.Debug|ARM.Build.0 = Debug|ARM
		{6614519F-967D-43DF-927D-3FC58EBB4B2A}.Debug|ARM.Deploy.0 = Debug|ARM
		{6614519F-967D-43DF-927D-3FC58EBB4B2A}.Debug|ARM64.ActiveCfg = Debug|ARM64
		{6614519F-967D-43DF-927D-3FC58EBB4B2A}.Debug|ARM64.Build.0 = Debug|ARM64
		{6614519F-967D-43DF-927D-3FC58EBB4B2A}.Debug|ARM64.Deploy.0 = Debug|ARM64
		{6614519F-967D-43DF-927D-3FC58EBB4B2A}.Debug|x64.ActiveCfg = Debug|x64
		{6614519F-967D-43DF-927D-3FC58EBB4B2A}.Debug|x64.Build.0 = Debug|x64
		{6614519F-967D-43DF-927D-3FC58EBB4B2A}.Debug|x64.Deploy.0 = Debug|x64
		{6614519F-967D-43DF-927D-3FC58EBB4B2A}.Debug|x86.ActiveCfg = Debug|x86
		{6614519F-967D-43DF-927D-3FC58EBB4B2A}.Debug|x86.Build.0 = Debug|x86
		{6614519F-967D-43DF-927D-3FC58EBB4B2A}.Debug|x86.Deploy.0 = Debug|x86
		{6614519F-967D-43DF-927D-3FC58EBB4B2A}.Release|Any CPU.ActiveCfg = Release|x64
		{6614519F-967D-43DF-927D-3FC58EBB4B2A}.Release|Any CPU.Build.0 = Release|x64
		{6614519F-967D-43DF-927D-3FC58EBB4B2A}.Release|Any CPU.Deploy.0 = Release|x64
		{6614519F-967D-43DF-927D-3FC58EBB4B2A}.Release|ARM.ActiveCfg = Release|ARM
		{6614519F-967D-43DF-927D-3FC58EBB4B2A}.Release|ARM.Build.0 = Release|ARM
		{6614519F-967D-43DF-927D-3FC58EBB4B2A}.Release|ARM.Deploy.0 = Release|ARM
		{6614519F-967D-43DF-927D-3FC58EBB4B2A}.Release|ARM64.ActiveCfg = Release|ARM64
		{6614519F-967D-43DF-927D-3FC58EBB4B2A}.Release|ARM64.Build.0 = Release|ARM64
		{6614519F-967D-43DF-927D-3FC58EBB4B2A}.Release|ARM64.Deploy.0 = Release|ARM64
		{6614519F-967D-43DF-927D-3FC58EBB4B2A}.Release|x64.ActiveCfg = Release|x64
		{6614519F-967D-43DF-927D-3FC58EBB4B2A}.Release|x64.Build.0 = Release|x64
		{6614519F-967D-43DF-927D-3FC58EBB4B2A}.Release|x64.Deploy.0 = Release|x64
		{6614519F-967D-43DF-927D-3FC58EBB4B2A}.Release|x86.ActiveCfg = Release|x86
		{6614519F-967D-43DF-927D-3FC58EBB4B2A}.Release|x86.Build.0 = Release|x86
		{6614519F-967D-43DF-927D-3FC58EBB4B2A}.Release|x86.Deploy.0 = Release|x86
		{DCE308DC-8A50-4961-9FF1-C52A81450EA2}.Debug|Any CPU.ActiveCfg = Debug|Any CPU
		{DCE308DC-8A50-4961-9FF1-C52A81450EA2}.Debug|Any CPU.Build.0 = Debug|Any CPU
		{DCE308DC-8A50-4961-9FF1-C52A81450EA2}.Debug|ARM.ActiveCfg = Debug|Any CPU
		{DCE308DC-8A50-4961-9FF1-C52A81450EA2}.Debug|ARM.Build.0 = Debug|Any CPU
		{DCE308DC-8A50-4961-9FF1-C52A81450EA2}.Debug|ARM64.ActiveCfg = Debug|Any CPU
		{DCE308DC-8A50-4961-9FF1-C52A81450EA2}.Debug|ARM64.Build.0 = Debug|Any CPU
		{DCE308DC-8A50-4961-9FF1-C52A81450EA2}.Debug|x64.ActiveCfg = Debug|Any CPU
		{DCE308DC-8A50-4961-9FF1-C52A81450EA2}.Debug|x64.Build.0 = Debug|Any CPU
		{DCE308DC-8A50-4961-9FF1-C52A81450EA2}.Debug|x86.ActiveCfg = Debug|Any CPU
		{DCE308DC-8A50-4961-9FF1-C52A81450EA2}.Debug|x86.Build.0 = Debug|Any CPU
		{DCE308DC-8A50-4961-9FF1-C52A81450EA2}.Release|Any CPU.ActiveCfg = Release|Any CPU
		{DCE308DC-8A50-4961-9FF1-C52A81450EA2}.Release|Any CPU.Build.0 = Release|Any CPU
		{DCE308DC-8A50-4961-9FF1-C52A81450EA2}.Release|ARM.ActiveCfg = Release|Any CPU
		{DCE308DC-8A50-4961-9FF1-C52A81450EA2}.Release|ARM.Build.0 = Release|Any CPU
		{DCE308DC-8A50-4961-9FF1-C52A81450EA2}.Release|ARM64.ActiveCfg = Release|Any CPU
		{DCE308DC-8A50-4961-9FF1-C52A81450EA2}.Release|ARM64.Build.0 = Release|Any CPU
		{DCE308DC-8A50-4961-9FF1-C52A81450EA2}.Release|x64.ActiveCfg = Release|Any CPU
		{DCE308DC-8A50-4961-9FF1-C52A81450EA2}.Release|x64.Build.0 = Release|Any CPU
		{DCE308DC-8A50-4961-9FF1-C52A81450EA2}.Release|x86.ActiveCfg = Release|Any CPU
		{DCE308DC-8A50-4961-9FF1-C52A81450EA2}.Release|x86.Build.0 = Release|Any CPU
		{E9D29EDF-8ECF-411D-9D2D-EF4A0351D3CD}.Debug|Any CPU.ActiveCfg = Debug|Any CPU
		{E9D29EDF-8ECF-411D-9D2D-EF4A0351D3CD}.Debug|Any CPU.Build.0 = Debug|Any CPU
		{E9D29EDF-8ECF-411D-9D2D-EF4A0351D3CD}.Debug|Any CPU.Deploy.0 = Debug|Any CPU
		{E9D29EDF-8ECF-411D-9D2D-EF4A0351D3CD}.Debug|ARM.ActiveCfg = Debug|Any CPU
		{E9D29EDF-8ECF-411D-9D2D-EF4A0351D3CD}.Debug|ARM.Build.0 = Debug|Any CPU
		{E9D29EDF-8ECF-411D-9D2D-EF4A0351D3CD}.Debug|ARM.Deploy.0 = Debug|Any CPU
		{E9D29EDF-8ECF-411D-9D2D-EF4A0351D3CD}.Debug|ARM64.ActiveCfg = Debug|Any CPU
		{E9D29EDF-8ECF-411D-9D2D-EF4A0351D3CD}.Debug|ARM64.Build.0 = Debug|Any CPU
		{E9D29EDF-8ECF-411D-9D2D-EF4A0351D3CD}.Debug|ARM64.Deploy.0 = Debug|Any CPU
		{E9D29EDF-8ECF-411D-9D2D-EF4A0351D3CD}.Debug|x64.ActiveCfg = Debug|Any CPU
		{E9D29EDF-8ECF-411D-9D2D-EF4A0351D3CD}.Debug|x64.Build.0 = Debug|Any CPU
		{E9D29EDF-8ECF-411D-9D2D-EF4A0351D3CD}.Debug|x64.Deploy.0 = Debug|Any CPU
		{E9D29EDF-8ECF-411D-9D2D-EF4A0351D3CD}.Debug|x86.ActiveCfg = Debug|Any CPU
		{E9D29EDF-8ECF-411D-9D2D-EF4A0351D3CD}.Debug|x86.Build.0 = Debug|Any CPU
		{E9D29EDF-8ECF-411D-9D2D-EF4A0351D3CD}.Debug|x86.Deploy.0 = Debug|Any CPU
		{E9D29EDF-8ECF-411D-9D2D-EF4A0351D3CD}.Release|Any CPU.ActiveCfg = Release|Any CPU
		{E9D29EDF-8ECF-411D-9D2D-EF4A0351D3CD}.Release|Any CPU.Build.0 = Release|Any CPU
		{E9D29EDF-8ECF-411D-9D2D-EF4A0351D3CD}.Release|Any CPU.Deploy.0 = Release|Any CPU
		{E9D29EDF-8ECF-411D-9D2D-EF4A0351D3CD}.Release|ARM.ActiveCfg = Release|Any CPU
		{E9D29EDF-8ECF-411D-9D2D-EF4A0351D3CD}.Release|ARM.Build.0 = Release|Any CPU
		{E9D29EDF-8ECF-411D-9D2D-EF4A0351D3CD}.Release|ARM.Deploy.0 = Release|Any CPU
		{E9D29EDF-8ECF-411D-9D2D-EF4A0351D3CD}.Release|ARM64.ActiveCfg = Release|Any CPU
		{E9D29EDF-8ECF-411D-9D2D-EF4A0351D3CD}.Release|ARM64.Build.0 = Release|Any CPU
		{E9D29EDF-8ECF-411D-9D2D-EF4A0351D3CD}.Release|ARM64.Deploy.0 = Release|Any CPU
		{E9D29EDF-8ECF-411D-9D2D-EF4A0351D3CD}.Release|x64.ActiveCfg = Release|Any CPU
		{E9D29EDF-8ECF-411D-9D2D-EF4A0351D3CD}.Release|x64.Build.0 = Release|Any CPU
		{E9D29EDF-8ECF-411D-9D2D-EF4A0351D3CD}.Release|x64.Deploy.0 = Release|Any CPU
		{E9D29EDF-8ECF-411D-9D2D-EF4A0351D3CD}.Release|x86.ActiveCfg = Release|Any CPU
		{E9D29EDF-8ECF-411D-9D2D-EF4A0351D3CD}.Release|x86.Build.0 = Release|Any CPU
		{E9D29EDF-8ECF-411D-9D2D-EF4A0351D3CD}.Release|x86.Deploy.0 = Release|Any CPU
	EndGlobalSection
	GlobalSection(SolutionProperties) = preSolution
		HideSolutionNode = FALSE
	EndGlobalSection
	GlobalSection(ExtensibilityGlobals) = postSolution
		SolutionGuid = {24E5A129-87DE-4613-B0A6-7B608A6031DB}
	EndGlobalSection
EndGlobal
