
Microsoft Visual Studio Solution File, Format Version 12.00
# Visual Studio Version 17
VisualStudioVersion = 17.0.31611.283
MinimumVisualStudioVersion = 10.0.40219.1
Project("{9A19103F-16F7-4668-BE54-9A1E7A4F7556}") = "PlacasSolares_MAUI", "PlacasSolares_MAUI\PlacasSolares_MAUI.csproj", "{8BFCD756-69C1-489E-BCA4-061A54C4F25B}"
EndProject
Project("{FAE04EC0-301F-11D3-BF4B-00C04F79EFBC}") = "ENTIDADES", "ENTIDADES\ENTIDADES.csproj", "{ABD64847-48E3-4C8D-822A-5B5875892B30}"
EndProject
Project("{FAE04EC0-301F-11D3-BF4B-00C04F79EFBC}") = "DAL", "DAL\DAL.csproj", "{196A7CC9-A635-487D-BB25-A2ACC9441FEB}"
EndProject
Global
	GlobalSection(SolutionConfigurationPlatforms) = preSolution
		Debug|Any CPU = Debug|Any CPU
		Release|Any CPU = Release|Any CPU
	EndGlobalSection
	GlobalSection(ProjectConfigurationPlatforms) = postSolution
		{8BFCD756-69C1-489E-BCA4-061A54C4F25B}.Debug|Any CPU.ActiveCfg = Debug|Any CPU
		{8BFCD756-69C1-489E-BCA4-061A54C4F25B}.Debug|Any CPU.Build.0 = Debug|Any CPU
		{8BFCD756-69C1-489E-BCA4-061A54C4F25B}.Debug|Any CPU.Deploy.0 = Debug|Any CPU
		{8BFCD756-69C1-489E-BCA4-061A54C4F25B}.Release|Any CPU.ActiveCfg = Release|Any CPU
		{8BFCD756-69C1-489E-BCA4-061A54C4F25B}.Release|Any CPU.Build.0 = Release|Any CPU
		{8BFCD756-69C1-489E-BCA4-061A54C4F25B}.Release|Any CPU.Deploy.0 = Release|Any CPU
		{ABD64847-48E3-4C8D-822A-5B5875892B30}.Debug|Any CPU.ActiveCfg = Debug|Any CPU
		{ABD64847-48E3-4C8D-822A-5B5875892B30}.Debug|Any CPU.Build.0 = Debug|Any CPU
		{ABD64847-48E3-4C8D-822A-5B5875892B30}.Release|Any CPU.ActiveCfg = Release|Any CPU
		{ABD64847-48E3-4C8D-822A-5B5875892B30}.Release|Any CPU.Build.0 = Release|Any CPU
		{196A7CC9-A635-487D-BB25-A2ACC9441FEB}.Debug|Any CPU.ActiveCfg = Debug|Any CPU
		{196A7CC9-A635-487D-BB25-A2ACC9441FEB}.Debug|Any CPU.Build.0 = Debug|Any CPU
		{196A7CC9-A635-487D-BB25-A2ACC9441FEB}.Release|Any CPU.ActiveCfg = Release|Any CPU
		{196A7CC9-A635-487D-BB25-A2ACC9441FEB}.Release|Any CPU.Build.0 = Release|Any CPU
	EndGlobalSection
	GlobalSection(SolutionProperties) = preSolution
		HideSolutionNode = FALSE
	EndGlobalSection
	GlobalSection(ExtensibilityGlobals) = postSolution
		SolutionGuid = {61F7FB11-1E47-470C-91E2-47F8143E1572}
	EndGlobalSection
EndGlobal
